
Microsoft Visual Studio Solution File, Format Version 12.00
# Visual Studio Version 16
VisualStudioVersion = 16.0.29209.152
MinimumVisualStudioVersion = 10.0.40219.1
Project("{2150E333-8FDC-42A3-9474-1A3956D46DE8}") = "Solution Items", "Solution Items", "{05F7B813-0584-49DF-AA97-1040A304EBEC}"
	ProjectSection(SolutionItems) = preProject
		.editorconfig = .editorconfig
		README.md = README.md
	EndProjectSection
EndProject
Project("{2150E333-8FDC-42A3-9474-1A3956D46DE8}") = "src", "src", "{FE67CB3B-FFD4-4883-BAEA-0CB9973F30F6}"
EndProject
Project("{9A19103F-16F7-4668-BE54-9A1E7A4F7556}") = "NCaptcha", "src\NCaptcha\NCaptcha.csproj", "{8D478B0B-FDE0-438F-B1E2-2BAE03DEA7C7}"
EndProject
Project("{9A19103F-16F7-4668-BE54-9A1E7A4F7556}") = "NCaptcha.Targets.Images", "src\NCaptcha.Targets.Images\NCaptcha.Targets.Images.csproj", "{1BF55038-7D1D-4F2A-BE32-0A2375626B06}"
EndProject
Project("{9A19103F-16F7-4668-BE54-9A1E7A4F7556}") = "NCaptcha.State.Session", "src\NCaptcha.State.Session\NCaptcha.State.Session.csproj", "{CBF22573-6C80-4E1E-9C05-A7BA3143CF41}"
EndProject
Project("{9A19103F-16F7-4668-BE54-9A1E7A4F7556}") = "NCaptcha.AspNetCore", "src\NCaptcha.AspNetCore\NCaptcha.AspNetCore.csproj", "{B7B08416-38E0-4C54-BC91-DA94F700A160}"
EndProject
Project("{9A19103F-16F7-4668-BE54-9A1E7A4F7556}") = "NCaptcha.AspNetCore.SessionImages", "src\NCaptcha.AspNetCore.SessionImages\NCaptcha.AspNetCore.SessionImages.csproj", "{589E4F87-6775-4DDB-94C0-A2280084208B}"
EndProject
Project("{2150E333-8FDC-42A3-9474-1A3956D46DE8}") = "samples", "samples", "{5570DC85-BBF2-4B85-8828-F3DB891FB1F7}"
EndProject
Project("{2150E333-8FDC-42A3-9474-1A3956D46DE8}") = "build", "build", "{F9EC6021-B13F-4FE7-8F67-BD9D6CA3DBDF}"
	ProjectSection(SolutionItems) = preProject
		build\common.props = build\common.props
		build\version.props = build\version.props
	EndProjectSection
EndProject
Project("{9A19103F-16F7-4668-BE54-9A1E7A4F7556}") = "NCaptcha.Targets.Email", "src\NCaptcha.Targets.Email\NCaptcha.Targets.Email.csproj", "{ACC4917C-D694-43D9-9412-E813496E9087}"
EndProject
Project("{2150E333-8FDC-42A3-9474-1A3956D46DE8}") = "images", "images", "{FACD0B1A-34C2-47B7-AF60-56F0F045F00B}"
EndProject
Project("{2150E333-8FDC-42A3-9474-1A3956D46DE8}") = "email", "email", "{D16405B2-B17E-44BC-B6CB-5BE3A22AFE81}"
EndProject
Project("{9A19103F-16F7-4668-BE54-9A1E7A4F7556}") = "NCaptcha.AspNetCore.SessionEmail", "src\NCaptcha.AspNetCore.SessionEmail\NCaptcha.AspNetCore.SessionEmail.csproj", "{59E36ACA-6D31-4888-A45F-3AE69E1F1178}"
EndProject
Project("{9A19103F-16F7-4668-BE54-9A1E7A4F7556}") = "NCaptcha.Samples.AspNetCore", "samples\NCaptcha.Samples.AspNetCore\NCaptcha.Samples.AspNetCore.csproj", "{CD7EF3DD-B218-4B5C-B93B-6A404786552D}"
EndProject
Project("{2150E333-8FDC-42A3-9474-1A3956D46DE8}") = "sms", "sms", "{A8A5A07B-C135-4721-B98F-8A10CFAFFEE8}"
EndProject
Project("{9A19103F-16F7-4668-BE54-9A1E7A4F7556}") = "NCaptcha.Targets.Sms", "src\NCaptcha.Targets.Sms\NCaptcha.Targets.Sms.csproj", "{1DA03526-03BD-4112-A8CB-5EE7E18D69AD}"
EndProject
Project("{9A19103F-16F7-4668-BE54-9A1E7A4F7556}") = "NCaptcha.AspNetCore.SessionSms", "src\NCaptcha.AspNetCore.SessionSms\NCaptcha.AspNetCore.SessionSms.csproj", "{F18F5058-E59D-49FA-AE58-4CA879928ED2}"
EndProject
Project("{FAE04EC0-301F-11D3-BF4B-00C04F79EFBC}") = "NCaptcha.Targets.Sms.Aliyun", "src\NCaptcha.Targets.Sms.Aliyun\NCaptcha.Targets.Sms.Aliyun.csproj", "{3F3121DE-B4B1-4D3E-834B-F2E7E424A349}"
EndProject
Global
	GlobalSection(SolutionConfigurationPlatforms) = preSolution
		Debug|Any CPU = Debug|Any CPU
		Release|Any CPU = Release|Any CPU
	EndGlobalSection
	GlobalSection(ProjectConfigurationPlatforms) = postSolution
		{8D478B0B-FDE0-438F-B1E2-2BAE03DEA7C7}.Debug|Any CPU.ActiveCfg = Debug|Any CPU
		{8D478B0B-FDE0-438F-B1E2-2BAE03DEA7C7}.Debug|Any CPU.Build.0 = Debug|Any CPU
		{8D478B0B-FDE0-438F-B1E2-2BAE03DEA7C7}.Release|Any CPU.ActiveCfg = Release|Any CPU
		{8D478B0B-FDE0-438F-B1E2-2BAE03DEA7C7}.Release|Any CPU.Build.0 = Release|Any CPU
		{1BF55038-7D1D-4F2A-BE32-0A2375626B06}.Debug|Any CPU.ActiveCfg = Debug|Any CPU
		{1BF55038-7D1D-4F2A-BE32-0A2375626B06}.Debug|Any CPU.Build.0 = Debug|Any CPU
		{1BF55038-7D1D-4F2A-BE32-0A2375626B06}.Release|Any CPU.ActiveCfg = Release|Any CPU
		{1BF55038-7D1D-4F2A-BE32-0A2375626B06}.Release|Any CPU.Build.0 = Release|Any CPU
		{CBF22573-6C80-4E1E-9C05-A7BA3143CF41}.Debug|Any CPU.ActiveCfg = Debug|Any CPU
		{CBF22573-6C80-4E1E-9C05-A7BA3143CF41}.Debug|Any CPU.Build.0 = Debug|Any CPU
		{CBF22573-6C80-4E1E-9C05-A7BA3143CF41}.Release|Any CPU.ActiveCfg = Release|Any CPU
		{CBF22573-6C80-4E1E-9C05-A7BA3143CF41}.Release|Any CPU.Build.0 = Release|Any CPU
		{B7B08416-38E0-4C54-BC91-DA94F700A160}.Debug|Any CPU.ActiveCfg = Debug|Any CPU
		{B7B08416-38E0-4C54-BC91-DA94F700A160}.Debug|Any CPU.Build.0 = Debug|Any CPU
		{B7B08416-38E0-4C54-BC91-DA94F700A160}.Release|Any CPU.ActiveCfg = Release|Any CPU
		{B7B08416-38E0-4C54-BC91-DA94F700A160}.Release|Any CPU.Build.0 = Release|Any CPU
		{589E4F87-6775-4DDB-94C0-A2280084208B}.Debug|Any CPU.ActiveCfg = Debug|Any CPU
		{589E4F87-6775-4DDB-94C0-A2280084208B}.Debug|Any CPU.Build.0 = Debug|Any CPU
		{589E4F87-6775-4DDB-94C0-A2280084208B}.Release|Any CPU.ActiveCfg = Release|Any CPU
		{589E4F87-6775-4DDB-94C0-A2280084208B}.Release|Any CPU.Build.0 = Release|Any CPU
		{ACC4917C-D694-43D9-9412-E813496E9087}.Debug|Any CPU.ActiveCfg = Debug|Any CPU
		{ACC4917C-D694-43D9-9412-E813496E9087}.Debug|Any CPU.Build.0 = Debug|Any CPU
		{ACC4917C-D694-43D9-9412-E813496E9087}.Release|Any CPU.ActiveCfg = Release|Any CPU
		{ACC4917C-D694-43D9-9412-E813496E9087}.Release|Any CPU.Build.0 = Release|Any CPU
		{59E36ACA-6D31-4888-A45F-3AE69E1F1178}.Debug|Any CPU.ActiveCfg = Debug|Any CPU
		{59E36ACA-6D31-4888-A45F-3AE69E1F1178}.Debug|Any CPU.Build.0 = Debug|Any CPU
		{59E36ACA-6D31-4888-A45F-3AE69E1F1178}.Release|Any CPU.ActiveCfg = Release|Any CPU
		{59E36ACA-6D31-4888-A45F-3AE69E1F1178}.Release|Any CPU.Build.0 = Release|Any CPU
		{CD7EF3DD-B218-4B5C-B93B-6A404786552D}.Debug|Any CPU.ActiveCfg = Debug|Any CPU
		{CD7EF3DD-B218-4B5C-B93B-6A404786552D}.Debug|Any CPU.Build.0 = Debug|Any CPU
		{CD7EF3DD-B218-4B5C-B93B-6A404786552D}.Release|Any CPU.ActiveCfg = Release|Any CPU
		{CD7EF3DD-B218-4B5C-B93B-6A404786552D}.Release|Any CPU.Build.0 = Release|Any CPU
		{1DA03526-03BD-4112-A8CB-5EE7E18D69AD}.Debug|Any CPU.ActiveCfg = Debug|Any CPU
		{1DA03526-03BD-4112-A8CB-5EE7E18D69AD}.Debug|Any CPU.Build.0 = Debug|Any CPU
		{1DA03526-03BD-4112-A8CB-5EE7E18D69AD}.Release|Any CPU.ActiveCfg = Release|Any CPU
		{1DA03526-03BD-4112-A8CB-5EE7E18D69AD}.Release|Any CPU.Build.0 = Release|Any CPU
		{F18F5058-E59D-49FA-AE58-4CA879928ED2}.Debug|Any CPU.ActiveCfg = Debug|Any CPU
		{F18F5058-E59D-49FA-AE58-4CA879928ED2}.Debug|Any CPU.Build.0 = Debug|Any CPU
		{F18F5058-E59D-49FA-AE58-4CA879928ED2}.Release|Any CPU.ActiveCfg = Release|Any CPU
		{F18F5058-E59D-49FA-AE58-4CA879928ED2}.Release|Any CPU.Build.0 = Release|Any CPU
		{3F3121DE-B4B1-4D3E-834B-F2E7E424A349}.Debug|Any CPU.ActiveCfg = Debug|Any CPU
		{3F3121DE-B4B1-4D3E-834B-F2E7E424A349}.Debug|Any CPU.Build.0 = Debug|Any CPU
		{3F3121DE-B4B1-4D3E-834B-F2E7E424A349}.Release|Any CPU.ActiveCfg = Release|Any CPU
		{3F3121DE-B4B1-4D3E-834B-F2E7E424A349}.Release|Any CPU.Build.0 = Release|Any CPU
	EndGlobalSection
	GlobalSection(SolutionProperties) = preSolution
		HideSolutionNode = FALSE
	EndGlobalSection
	GlobalSection(NestedProjects) = preSolution
		{8D478B0B-FDE0-438F-B1E2-2BAE03DEA7C7} = {FE67CB3B-FFD4-4883-BAEA-0CB9973F30F6}
		{1BF55038-7D1D-4F2A-BE32-0A2375626B06} = {FACD0B1A-34C2-47B7-AF60-56F0F045F00B}
		{CBF22573-6C80-4E1E-9C05-A7BA3143CF41} = {FE67CB3B-FFD4-4883-BAEA-0CB9973F30F6}
		{B7B08416-38E0-4C54-BC91-DA94F700A160} = {FE67CB3B-FFD4-4883-BAEA-0CB9973F30F6}
		{589E4F87-6775-4DDB-94C0-A2280084208B} = {FACD0B1A-34C2-47B7-AF60-56F0F045F00B}
		{F9EC6021-B13F-4FE7-8F67-BD9D6CA3DBDF} = {05F7B813-0584-49DF-AA97-1040A304EBEC}
		{ACC4917C-D694-43D9-9412-E813496E9087} = {D16405B2-B17E-44BC-B6CB-5BE3A22AFE81}
		{FACD0B1A-34C2-47B7-AF60-56F0F045F00B} = {FE67CB3B-FFD4-4883-BAEA-0CB9973F30F6}
		{D16405B2-B17E-44BC-B6CB-5BE3A22AFE81} = {FE67CB3B-FFD4-4883-BAEA-0CB9973F30F6}
		{59E36ACA-6D31-4888-A45F-3AE69E1F1178} = {D16405B2-B17E-44BC-B6CB-5BE3A22AFE81}
		{CD7EF3DD-B218-4B5C-B93B-6A404786552D} = {5570DC85-BBF2-4B85-8828-F3DB891FB1F7}
		{A8A5A07B-C135-4721-B98F-8A10CFAFFEE8} = {FE67CB3B-FFD4-4883-BAEA-0CB9973F30F6}
		{1DA03526-03BD-4112-A8CB-5EE7E18D69AD} = {A8A5A07B-C135-4721-B98F-8A10CFAFFEE8}
		{F18F5058-E59D-49FA-AE58-4CA879928ED2} = {A8A5A07B-C135-4721-B98F-8A10CFAFFEE8}
		{3F3121DE-B4B1-4D3E-834B-F2E7E424A349} = {A8A5A07B-C135-4721-B98F-8A10CFAFFEE8}
	EndGlobalSection
	GlobalSection(ExtensibilityGlobals) = postSolution
		SolutionGuid = {93E7DC58-FF69-4F20-8428-187C7D780038}
	EndGlobalSection
EndGlobal
